{
  "name": "ajs-test",
  "version": "1.0.0",
  "lockfileVersion": 3,
  "requires": true,
  "packages": {
    "": {
      "name": "ajs-test",
      "version": "1.0.0",
      "license": "ISC",
      "dependencies": {
        "@avzapevalov/ajs-platforms": "^1.0.0"
      }
    },
    "node_modules/@avzapevalov/ajs-platforms": {
      "version": "1.0.0",
      "resolved": "https://npm.pkg.github.com/download/@avzapevalov/ajs-platforms/1.0.0/7a9b0e8af5cd5c79b30bbb30a65376d1f30f544b",
      "integrity": "sha512-WQhP/T2rm6+e4txICVgnrljX3t+Qp4zUSo2sEnIng7+uJAmwkL1saE6N9HSZfEseuhVS0lDbXcP7gCVfzTqI0A==",
      "license": "ISC"
    }
  }
}
